
Microsoft Visual Studio Solution File, Format Version 12.00
# Visual Studio Version 17
VisualStudioVersion = 17.13.35825.156 d17.13
MinimumVisualStudioVersion = 10.0.40219.1
Project("{FAE04EC0-301F-11D3-BF4B-00C04F79EFBC}") = "MouseIdle", "MouseIdle.csproj", "{BAA4B1D1-6591-4476-9563-4400002CC7C9}"
EndProject
Global
	GlobalSection(SolutionConfigurationPlatforms) = preSolution
		Debug|Any CPU = Debug|Any CPU
		Release|Any CPU = Release|Any CPU
	EndGlobalSection
	GlobalSection(ProjectConfigurationPlatforms) = postSolution
		{BAA4B1D1-6591-4476-9563-4400002CC7C9}.Debug|Any CPU.ActiveCfg = Debug|Any CPU
		{BAA4B1D1-6591-4476-9563-4400002CC7C9}.Debug|Any CPU.Build.0 = Debug|Any CPU
		{BAA4B1D1-6591-4476-9563-4400002CC7C9}.Release|Any CPU.ActiveCfg = Release|Any CPU
		{BAA4B1D1-6591-4476-9563-4400002CC7C9}.Release|Any CPU.Build.0 = Release|Any CPU
	EndGlobalSection
	GlobalSection(SolutionProperties) = preSolution
		HideSolutionNode = FALSE
	EndGlobalSection
	GlobalSection(ExtensibilityGlobals) = postSolution
		SolutionGuid = {CC56D226-96D2-42C1-9604-0BCD9DA595DA}
	EndGlobalSection
EndGlobal
